// !$*UTF8*$!
{
	archiveVersion = 1;
	classes = {
	};
	objectVersion = 70;
	objects = {

/* Begin PBXBuildFile section */
		F77DEC152C606D48009CB94D /* SwiftDataSugar in Frameworks */ = {isa = PBXBuildFile; productRef = F77DEC142C606D48009CB94D /* SwiftDataSugar */; };
		F77DEC1C2C606DB1009CB94D /* MapSugar in Frameworks */ = {isa = PBXBuildFile; productRef = F77DEC1B2C606DB1009CB94D /* MapSugar */; };
		F77DEC1F2C606DBD009CB94D /* Debouncify in Frameworks */ = {isa = PBXBuildFile; productRef = F77DEC1E2C606DBD009CB94D /* Debouncify */; };
		F77DEC4E2C606EC9009CB94D /* MigrationTests.xctestplan in Resources */ = {isa = PBXBuildFile; fileRef = F77DEC4D2C606EC9009CB94D /* MigrationTests.xctestplan */; };
/* End PBXBuildFile section */

/* Begin PBXContainerItemProxy section */
		F77DEBD42C606C6D009CB94D /* PBXContainerItemProxy */ = {
			isa = PBXContainerItemProxy;
			containerPortal = F77DEBB82C606C6B009CB94D /* Project object */;
			proxyType = 1;
			remoteGlobalIDString = F77DEBBF2C606C6B009CB94D;
			remoteInfo = SwiftDataTodoList;
		};
/* End PBXContainerItemProxy section */

/* Begin PBXFileReference section */
		F77DEBC02C606C6B009CB94D /* SwiftDataTodoList.app */ = {isa = PBXFileReference; explicitFileType = wrapper.application; includeInIndex = 0; path = SwiftDataTodoList.app; sourceTree = BUILT_PRODUCTS_DIR; };
		F77DEBD32C606C6D009CB94D /* MigrationTests.xctest */ = {isa = PBXFileReference; explicitFileType = wrapper.cfbundle; includeInIndex = 0; path = MigrationTests.xctest; sourceTree = BUILT_PRODUCTS_DIR; };
		F77DEC172C606D59009CB94D /* SwiftDataSugar */ = {isa = PBXFileReference; lastKnownFileType = wrapper; name = SwiftDataSugar; path = ../SwiftDataSugar; sourceTree = "<group>"; };
		F77DEC4D2C606EC9009CB94D /* MigrationTests.xctestplan */ = {isa = PBXFileReference; lastKnownFileType = text; path = MigrationTests.xctestplan; sourceTree = "<group>"; };
/* End PBXFileReference section */

/* Begin PBXFileSystemSynchronizedRootGroup section */
		F77DEBC22C606C6B009CB94D /* SwiftDataTodoList */ = {isa = PBXFileSystemSynchronizedRootGroup; explicitFileTypes = {}; explicitFolders = (); path = SwiftDataTodoList; sourceTree = "<group>"; };
		F77DEBD62C606C6D009CB94D /* MigrationTests */ = {isa = PBXFileSystemSynchronizedRootGroup; explicitFileTypes = {}; explicitFolders = (); path = MigrationTests; sourceTree = "<group>"; };
/* End PBXFileSystemSynchronizedRootGroup section */

/* Begin PBXFrameworksBuildPhase section */
		F77DEBBD2C606C6B009CB94D /* Frameworks */ = {
			isa = PBXFrameworksBuildPhase;
			buildActionMask = 2147483647;
			files = (
				F77DEC1F2C606DBD009CB94D /* Debouncify in Frameworks */,
				F77DEC1C2C606DB1009CB94D /* MapSugar in Frameworks */,
				F77DEC152C606D48009CB94D /* SwiftDataSugar in Frameworks */,
			);
			runOnlyForDeploymentPostprocessing = 0;
		};
		F77DEBD02C606C6D009CB94D /* Frameworks */ = {
			isa = PBXFrameworksBuildPhase;
			buildActionMask = 2147483647;
			files = (
			);
			runOnlyForDeploymentPostprocessing = 0;
		};
/* End PBXFrameworksBuildPhase section */

/* Begin PBXGroup section */
		F77DEBB72C606C6B009CB94D = {
			isa = PBXGroup;
			children = (
				F77DEC4D2C606EC9009CB94D /* MigrationTests.xctestplan */,
				F77DEBC22C606C6B009CB94D /* SwiftDataTodoList */,
				F77DEBD62C606C6D009CB94D /* MigrationTests */,
				F77DEBC12C606C6B009CB94D /* Products */,
				F77DEC162C606D59009CB94D /* Frameworks */,
			);
			sourceTree = "<group>";
		};
		F77DEBC12C606C6B009CB94D /* Products */ = {
			isa = PBXGroup;
			children = (
				F77DEBC02C606C6B009CB94D /* SwiftDataTodoList.app */,
				F77DEBD32C606C6D009CB94D /* MigrationTests.xctest */,
			);
			name = Products;
			sourceTree = "<group>";
		};
		F77DEC162C606D59009CB94D /* Frameworks */ = {
			isa = PBXGroup;
			children = (
				F77DEC172C606D59009CB94D /* SwiftDataSugar */,
			);
			name = Frameworks;
			sourceTree = "<group>";
		};
/* End PBXGroup section */

/* Begin PBXNativeTarget section */
		F77DEBBF2C606C6B009CB94D /* SwiftDataTodoList */ = {
			isa = PBXNativeTarget;
			buildConfigurationList = F77DEBE72C606C6D009CB94D /* Build configuration list for PBXNativeTarget "SwiftDataTodoList" */;
			buildPhases = (
				F77DEBBC2C606C6B009CB94D /* Sources */,
				F77DEBBD2C606C6B009CB94D /* Frameworks */,
				F77DEBBE2C606C6B009CB94D /* Resources */,
			);
			buildRules = (
			);
			dependencies = (
			);
			fileSystemSynchronizedGroups = (
				F77DEBC22C606C6B009CB94D /* SwiftDataTodoList */,
			);
			name = SwiftDataTodoList;
			packageProductDependencies = (
				F77DEC142C606D48009CB94D /* SwiftDataSugar */,
				F77DEC1B2C606DB1009CB94D /* MapSugar */,
				F77DEC1E2C606DBD009CB94D /* Debouncify */,
			);
			productName = SwiftDataTodoList;
			productReference = F77DEBC02C606C6B009CB94D /* SwiftDataTodoList.app */;
			productType = "com.apple.product-type.application";
		};
		F77DEBD22C606C6D009CB94D /* MigrationTests */ = {
			isa = PBXNativeTarget;
			buildConfigurationList = F77DEBEA2C606C6D009CB94D /* Build configuration list for PBXNativeTarget "MigrationTests" */;
			buildPhases = (
				F77DEBCF2C606C6D009CB94D /* Sources */,
				F77DEBD02C606C6D009CB94D /* Frameworks */,
				F77DEBD12C606C6D009CB94D /* Resources */,
			);
			buildRules = (
			);
			dependencies = (
				F77DEBD52C606C6D009CB94D /* PBXTargetDependency */,
			);
			fileSystemSynchronizedGroups = (
				F77DEBD62C606C6D009CB94D /* MigrationTests */,
			);
			name = MigrationTests;
			packageProductDependencies = (
			);
			productName = SwiftDataTodoListTests;
			productReference = F77DEBD32C606C6D009CB94D /* MigrationTests.xctest */;
			productType = "com.apple.product-type.bundle.unit-test";
		};
/* End PBXNativeTarget section */

/* Begin PBXProject section */
		F77DEBB82C606C6B009CB94D /* Project object */ = {
			isa = PBXProject;
			attributes = {
				BuildIndependentTargetsInParallel = 1;
				LastSwiftUpdateCheck = 1600;
				LastUpgradeCheck = 1600;
				TargetAttributes = {
					F77DEBBF2C606C6B009CB94D = {
						CreatedOnToolsVersion = 16.0;
					};
					F77DEBD22C606C6D009CB94D = {
						CreatedOnToolsVersion = 16.0;
						TestTargetID = F77DEBBF2C606C6B009CB94D;
					};
				};
			};
			buildConfigurationList = F77DEBBB2C606C6B009CB94D /* Build configuration list for PBXProject "SwiftDataTodoList" */;
			compatibilityVersion = "Xcode 15.0";
			developmentRegion = en;
			hasScannedForEncodings = 0;
			knownRegions = (
				en,
				Base,
			);
			mainGroup = F77DEBB72C606C6B009CB94D;
			packageReferences = (
				F77DEC132C606D48009CB94D /* XCLocalSwiftPackageReference "../SwiftDataSugar" */,
				F77DEC1A2C606DB1009CB94D /* XCRemoteSwiftPackageReference "MapSugar" */,
				F77DEC1D2C606DBD009CB94D /* XCRemoteSwiftPackageReference "Debouncify" */,
			);
			productRefGroup = F77DEBC12C606C6B009CB94D /* Products */;
			projectDirPath = "";
			projectRoot = "";
			targets = (
				F77DEBBF2C606C6B009CB94D /* SwiftDataTodoList */,
				F77DEBD22C606C6D009CB94D /* MigrationTests */,
			);
		};
/* End PBXProject section */

/* Begin PBXResourcesBuildPhase section */
		F77DEBBE2C606C6B009CB94D /* Resources */ = {
			isa = PBXResourcesBuildPhase;
			buildActionMask = 2147483647;
			files = (
			);
			runOnlyForDeploymentPostprocessing = 0;
		};
		F77DEBD12C606C6D009CB94D /* Resources */ = {
			isa = PBXResourcesBuildPhase;
			buildActionMask = 2147483647;
			files = (
				F77DEC4E2C606EC9009CB94D /* MigrationTests.xctestplan in Resources */,
			);
			runOnlyForDeploymentPostprocessing = 0;
		};
/* End PBXResourcesBuildPhase section */

/* Begin PBXSourcesBuildPhase section */
		F77DEBBC2C606C6B009CB94D /* Sources */ = {
			isa = PBXSourcesBuildPhase;
			buildActionMask = 2147483647;
			files = (
			);
			runOnlyForDeploymentPostprocessing = 0;
		};
		F77DEBCF2C606C6D009CB94D /* Sources */ = {
			isa = PBXSourcesBuildPhase;
			buildActionMask = 2147483647;
			files = (
			);
			runOnlyForDeploymentPostprocessing = 0;
		};
/* End PBXSourcesBuildPhase section */

/* Begin PBXTargetDependency section */
		F77DEBD52C606C6D009CB94D /* PBXTargetDependency */ = {
			isa = PBXTargetDependency;
			target = F77DEBBF2C606C6B009CB94D /* SwiftDataTodoList */;
			targetProxy = F77DEBD42C606C6D009CB94D /* PBXContainerItemProxy */;
		};
/* End PBXTargetDependency section */

/* Begin XCBuildConfiguration section */
		F77DEBE52C606C6D009CB94D /* Debug */ = {
			isa = XCBuildConfiguration;
			buildSettings = {
				ALWAYS_SEARCH_USER_PATHS = NO;
				ASSETCATALOG_COMPILER_GENERATE_SWIFT_ASSET_SYMBOL_EXTENSIONS = YES;
				CLANG_ANALYZER_NONNULL = YES;
				CLANG_ANALYZER_NUMBER_OBJECT_CONVERSION = YES_AGGRESSIVE;
				CLANG_CXX_LANGUAGE_STANDARD = "gnu++20";
				CLANG_ENABLE_MODULES = YES;
				CLANG_ENABLE_OBJC_ARC = YES;
				CLANG_ENABLE_OBJC_WEAK = YES;
				CLANG_WARN_BLOCK_CAPTURE_AUTORELEASING = YES;
				CLANG_WARN_BOOL_CONVERSION = YES;
				CLANG_WARN_COMMA = YES;
				CLANG_WARN_CONSTANT_CONVERSION = YES;
				CLANG_WARN_DEPRECATED_OBJC_IMPLEMENTATIONS = YES;
				CLANG_WARN_DIRECT_OBJC_ISA_USAGE = YES_ERROR;
				CLANG_WARN_DOCUMENTATION_COMMENTS = YES;
				CLANG_WARN_EMPTY_BODY = YES;
				CLANG_WARN_ENUM_CONVERSION = YES;
				CLANG_WARN_INFINITE_RECURSION = YES;
				CLANG_WARN_INT_CONVERSION = YES;
				CLANG_WARN_NON_LITERAL_NULL_CONVERSION = YES;
				CLANG_WARN_OBJC_IMPLICIT_RETAIN_SELF = YES;
				CLANG_WARN_OBJC_LITERAL_CONVERSION = YES;
				CLANG_WARN_OBJC_ROOT_CLASS = YES_ERROR;
				CLANG_WARN_QUOTED_INCLUDE_IN_FRAMEWORK_HEADER = YES;
				CLANG_WARN_RANGE_LOOP_ANALYSIS = YES;
				CLANG_WARN_STRICT_PROTOTYPES = YES;
				CLANG_WARN_SUSPICIOUS_MOVE = YES;
				CLANG_WARN_UNGUARDED_AVAILABILITY = YES_AGGRESSIVE;
				CLANG_WARN_UNREACHABLE_CODE = YES;
				CLANG_WARN__DUPLICATE_METHOD_MATCH = YES;
				COPY_PHASE_STRIP = NO;
				DEBUG_INFORMATION_FORMAT = dwarf;
				ENABLE_STRICT_OBJC_MSGSEND = YES;
				ENABLE_TESTABILITY = YES;
				ENABLE_USER_SCRIPT_SANDBOXING = YES;
				GCC_C_LANGUAGE_STANDARD = gnu17;
				GCC_DYNAMIC_NO_PIC = NO;
				GCC_NO_COMMON_BLOCKS = YES;
				GCC_OPTIMIZATION_LEVEL = 0;
				GCC_PREPROCESSOR_DEFINITIONS = (
					"DEBUG=1",
					"$(inherited)",
				);
				GCC_WARN_64_TO_32_BIT_CONVERSION = YES;
				GCC_WARN_ABOUT_RETURN_TYPE = YES_ERROR;
				GCC_WARN_UNDECLARED_SELECTOR = YES;
				GCC_WARN_UNINITIALIZED_AUTOS = YES_AGGRESSIVE;
				GCC_WARN_UNUSED_FUNCTION = YES;
				GCC_WARN_UNUSED_VARIABLE = YES;
				LOCALIZATION_PREFERS_STRING_CATALOGS = YES;
				MTL_ENABLE_DEBUG_INFO = INCLUDE_SOURCE;
				MTL_FAST_MATH = YES;
				ONLY_ACTIVE_ARCH = YES;
				SWIFT_ACTIVE_COMPILATION_CONDITIONS = "DEBUG $(inherited)";
				SWIFT_OPTIMIZATION_LEVEL = "-Onone";
			};
			name = Debug;
		};
		F77DEBE62C606C6D009CB94D /* Release */ = {
			isa = XCBuildConfiguration;
			buildSettings = {
				ALWAYS_SEARCH_USER_PATHS = NO;
				ASSETCATALOG_COMPILER_GENERATE_SWIFT_ASSET_SYMBOL_EXTENSIONS = YES;
				CLANG_ANALYZER_NONNULL = YES;
				CLANG_ANALYZER_NUMBER_OBJECT_CONVERSION = YES_AGGRESSIVE;
				CLANG_CXX_LANGUAGE_STANDARD = "gnu++20";
				CLANG_ENABLE_MODULES = YES;
				CLANG_ENABLE_OBJC_ARC = YES;
				CLANG_ENABLE_OBJC_WEAK = YES;
				CLANG_WARN_BLOCK_CAPTURE_AUTORELEASING = YES;
				CLANG_WARN_BOOL_CONVERSION = YES;
				CLANG_WARN_COMMA = YES;
				CLANG_WARN_CONSTANT_CONVERSION = YES;
				CLANG_WARN_DEPRECATED_OBJC_IMPLEMENTATIONS = YES;
				CLANG_WARN_DIRECT_OBJC_ISA_USAGE = YES_ERROR;
				CLANG_WARN_DOCUMENTATION_COMMENTS = YES;
				CLANG_WARN_EMPTY_BODY = YES;
				CLANG_WARN_ENUM_CONVERSION = YES;
				CLANG_WARN_INFINITE_RECURSION = YES;
				CLANG_WARN_INT_CONVERSION = YES;
				CLANG_WARN_NON_LITERAL_NULL_CONVERSION = YES;
				CLANG_WARN_OBJC_IMPLICIT_RETAIN_SELF = YES;
				CLANG_WARN_OBJC_LITERAL_CONVERSION = YES;
				CLANG_WARN_OBJC_ROOT_CLASS = YES_ERROR;
				CLANG_WARN_QUOTED_INCLUDE_IN_FRAMEWORK_HEADER = YES;
				CLANG_WARN_RANGE_LOOP_ANALYSIS = YES;
				CLANG_WARN_STRICT_PROTOTYPES = YES;
				CLANG_WARN_SUSPICIOUS_MOVE = YES;
				CLANG_WARN_UNGUARDED_AVAILABILITY = YES_AGGRESSIVE;
				CLANG_WARN_UNREACHABLE_CODE = YES;
				CLANG_WARN__DUPLICATE_METHOD_MATCH = YES;
				COPY_PHASE_STRIP = NO;
				DEBUG_INFORMATION_FORMAT = "dwarf-with-dsym";
				ENABLE_NS_ASSERTIONS = NO;
				ENABLE_STRICT_OBJC_MSGSEND = YES;
				ENABLE_USER_SCRIPT_SANDBOXING = YES;
				GCC_C_LANGUAGE_STANDARD = gnu17;
				GCC_NO_COMMON_BLOCKS = YES;
				GCC_WARN_64_TO_32_BIT_CONVERSION = YES;
				GCC_WARN_ABOUT_RETURN_TYPE = YES_ERROR;
				GCC_WARN_UNDECLARED_SELECTOR = YES;
				GCC_WARN_UNINITIALIZED_AUTOS = YES_AGGRESSIVE;
				GCC_WARN_UNUSED_FUNCTION = YES;
				GCC_WARN_UNUSED_VARIABLE = YES;
				LOCALIZATION_PREFERS_STRING_CATALOGS = YES;
				MTL_ENABLE_DEBUG_INFO = NO;
				MTL_FAST_MATH = YES;
				SWIFT_COMPILATION_MODE = wholemodule;
			};
			name = Release;
		};
		F77DEBE82C606C6D009CB94D /* Debug */ = {
			isa = XCBuildConfiguration;
			buildSettings = {
				ASSETCATALOG_COMPILER_APPICON_NAME = AppIcon;
				ASSETCATALOG_COMPILER_GLOBAL_ACCENT_COLOR_NAME = AccentColor;
				CODE_SIGN_ENTITLEMENTS = SwiftDataTodoList/SwiftDataTodoList.entitlements;
				CODE_SIGN_STYLE = Automatic;
				CURRENT_PROJECT_VERSION = 1;
				DEVELOPMENT_ASSET_PATHS = "\"SwiftDataTodoList/Preview Content\"";
				DEVELOPMENT_TEAM = 8ZRM3D7KC6;
				ENABLE_HARDENED_RUNTIME = YES;
				ENABLE_PREVIEWS = YES;
				GENERATE_INFOPLIST_FILE = YES;
				"INFOPLIST_KEY_UIApplicationSceneManifest_Generation[sdk=iphoneos*]" = YES;
				"INFOPLIST_KEY_UIApplicationSceneManifest_Generation[sdk=iphonesimulator*]" = YES;
				"INFOPLIST_KEY_UIApplicationSupportsIndirectInputEvents[sdk=iphoneos*]" = YES;
				"INFOPLIST_KEY_UIApplicationSupportsIndirectInputEvents[sdk=iphonesimulator*]" = YES;
				"INFOPLIST_KEY_UILaunchScreen_Generation[sdk=iphoneos*]" = YES;
				"INFOPLIST_KEY_UILaunchScreen_Generation[sdk=iphonesimulator*]" = YES;
				"INFOPLIST_KEY_UIStatusBarStyle[sdk=iphoneos*]" = UIStatusBarStyleDefault;
				"INFOPLIST_KEY_UIStatusBarStyle[sdk=iphonesimulator*]" = UIStatusBarStyleDefault;
				INFOPLIST_KEY_UISupportedInterfaceOrientations_iPad = "UIInterfaceOrientationPortrait UIInterfaceOrientationPortraitUpsideDown UIInterfaceOrientationLandscapeLeft UIInterfaceOrientationLandscapeRight";
				INFOPLIST_KEY_UISupportedInterfaceOrientations_iPhone = "UIInterfaceOrientationPortrait UIInterfaceOrientationLandscapeLeft UIInterfaceOrientationLandscapeRight";
				IPHONEOS_DEPLOYMENT_TARGET = 18.0;
				LD_RUNPATH_SEARCH_PATHS = "@executable_path/Frameworks";
				"LD_RUNPATH_SEARCH_PATHS[sdk=macosx*]" = "@executable_path/../Frameworks";
				MACOSX_DEPLOYMENT_TARGET = 14.0;
				MARKETING_VERSION = 1.0;
				PRODUCT_BUNDLE_IDENTIFIER = mesqueeb.SwiftDataTodoList;
				PRODUCT_NAME = "$(TARGET_NAME)";
				SDKROOT = auto;
				SUPPORTED_PLATFORMS = "iphoneos iphonesimulator macosx xros xrsimulator";
				SWIFT_EMIT_LOC_STRINGS = YES;
				SWIFT_VERSION = 5.0;
				TARGETED_DEVICE_FAMILY = "1,2,7";
				XROS_DEPLOYMENT_TARGET = 2.0;
			};
			name = Debug;
		};
		F77DEBE92C606C6D009CB94D /* Release */ = {
			isa = XCBuildConfiguration;
			buildSettings = {
				ASSETCATALOG_COMPILER_APPICON_NAME = AppIcon;
				ASSETCATALOG_COMPILER_GLOBAL_ACCENT_COLOR_NAME = AccentColor;
				CODE_SIGN_ENTITLEMENTS = SwiftDataTodoList/SwiftDataTodoList.entitlements;
				CODE_SIGN_STYLE = Automatic;
				CURRENT_PROJECT_VERSION = 1;
				DEVELOPMENT_ASSET_PATHS = "\"SwiftDataTodoList/Preview Content\"";
				DEVELOPMENT_TEAM = 8ZRM3D7KC6;
				ENABLE_HARDENED_RUNTIME = YES;
				ENABLE_PREVIEWS = YES;
				GENERATE_INFOPLIST_FILE = YES;
				"INFOPLIST_KEY_UIApplicationSceneManifest_Generation[sdk=iphoneos*]" = YES;
				"INFOPLIST_KEY_UIApplicationSceneManifest_Generation[sdk=iphonesimulator*]" = YES;
				"INFOPLIST_KEY_UIApplicationSupportsIndirectInputEvents[sdk=iphoneos*]" = YES;
				"INFOPLIST_KEY_UIApplicationSupportsIndirectInputEvents[sdk=iphonesimulator*]" = YES;
				"INFOPLIST_KEY_UILaunchScreen_Generation[sdk=iphoneos*]" = YES;
				"INFOPLIST_KEY_UILaunchScreen_Generation[sdk=iphonesimulator*]" = YES;
				"INFOPLIST_KEY_UIStatusBarStyle[sdk=iphoneos*]" = UIStatusBarStyleDefault;
				"INFOPLIST_KEY_UIStatusBarStyle[sdk=iphonesimulator*]" = UIStatusBarStyleDefault;
				INFOPLIST_KEY_UISupportedInterfaceOrientations_iPad = "UIInterfaceOrientationPortrait UIInterfaceOrientationPortraitUpsideDown UIInterfaceOrientationLandscapeLeft UIInterfaceOrientationLandscapeRight";
				INFOPLIST_KEY_UISupportedInterfaceOrientations_iPhone = "UIInterfaceOrientationPortrait UIInterfaceOrientationLandscapeLeft UIInterfaceOrientationLandscapeRight";
				IPHONEOS_DEPLOYMENT_TARGET = 18.0;
				LD_RUNPATH_SEARCH_PATHS = "@executable_path/Frameworks";
				"LD_RUNPATH_SEARCH_PATHS[sdk=macosx*]" = "@executable_path/../Frameworks";
				MACOSX_DEPLOYMENT_TARGET = 14.0;
				MARKETING_VERSION = 1.0;
				PRODUCT_BUNDLE_IDENTIFIER = mesqueeb.SwiftDataTodoList;
				PRODUCT_NAME = "$(TARGET_NAME)";
				SDKROOT = auto;
				SUPPORTED_PLATFORMS = "iphoneos iphonesimulator macosx xros xrsimulator";
				SWIFT_EMIT_LOC_STRINGS = YES;
				SWIFT_VERSION = 5.0;
				TARGETED_DEVICE_FAMILY = "1,2,7";
				XROS_DEPLOYMENT_TARGET = 2.0;
			};
			name = Release;
		};
		F77DEBEB2C606C6D009CB94D /* Debug */ = {
			isa = XCBuildConfiguration;
			buildSettings = {
				BUNDLE_LOADER = "$(TEST_HOST)";
				CODE_SIGN_STYLE = Automatic;
				CURRENT_PROJECT_VERSION = 1;
				DEVELOPMENT_TEAM = 8ZRM3D7KC6;
				GENERATE_INFOPLIST_FILE = YES;
				IPHONEOS_DEPLOYMENT_TARGET = 18.0;
				MACOSX_DEPLOYMENT_TARGET = 15.0;
				MARKETING_VERSION = 1.0;
				PRODUCT_BUNDLE_IDENTIFIER = mesqueeb.SwiftDataTodoListTests;
				PRODUCT_NAME = "$(TARGET_NAME)";
				SDKROOT = auto;
				SUPPORTED_PLATFORMS = "iphoneos iphonesimulator macosx xros xrsimulator";
				SWIFT_EMIT_LOC_STRINGS = NO;
				SWIFT_VERSION = 5.0;
				TARGETED_DEVICE_FAMILY = "1,2,7";
				TEST_HOST = "$(BUILT_PRODUCTS_DIR)/SwiftDataTodoList.app/$(BUNDLE_EXECUTABLE_FOLDER_PATH)/SwiftDataTodoList";
				XROS_DEPLOYMENT_TARGET = 2.0;
			};
			name = Debug;
		};
		F77DEBEC2C606C6D009CB94D /* Release */ = {
			isa = XCBuildConfiguration;
			buildSettings = {
				BUNDLE_LOADER = "$(TEST_HOST)";
				CODE_SIGN_STYLE = Automatic;
				CURRENT_PROJECT_VERSION = 1;
				DEVELOPMENT_TEAM = 8ZRM3D7KC6;
				GENERATE_INFOPLIST_FILE = YES;
				IPHONEOS_DEPLOYMENT_TARGET = 18.0;
				MACOSX_DEPLOYMENT_TARGET = 15.0;
				MARKETING_VERSION = 1.0;
				PRODUCT_BUNDLE_IDENTIFIER = mesqueeb.SwiftDataTodoListTests;
				PRODUCT_NAME = "$(TARGET_NAME)";
				SDKROOT = auto;
				SUPPORTED_PLATFORMS = "iphoneos iphonesimulator macosx xros xrsimulator";
				SWIFT_EMIT_LOC_STRINGS = NO;
				SWIFT_VERSION = 5.0;
				TARGETED_DEVICE_FAMILY = "1,2,7";
				TEST_HOST = "$(BUILT_PRODUCTS_DIR)/SwiftDataTodoList.app/$(BUNDLE_EXECUTABLE_FOLDER_PATH)/SwiftDataTodoList";
				XROS_DEPLOYMENT_TARGET = 2.0;
			};
			name = Release;
		};
/* End XCBuildConfiguration section */

/* Begin XCConfigurationList section */
		F77DEBBB2C606C6B009CB94D /* Build configuration list for PBXProject "SwiftDataTodoList" */ = {
			isa = XCConfigurationList;
			buildConfigurations = (
				F77DEBE52C606C6D009CB94D /* Debug */,
				F77DEBE62C606C6D009CB94D /* Release */,
			);
			defaultConfigurationIsVisible = 0;
			defaultConfigurationName = Release;
		};
		F77DEBE72C606C6D009CB94D /* Build configuration list for PBXNativeTarget "SwiftDataTodoList" */ = {
			isa = XCConfigurationList;
			buildConfigurations = (
				F77DEBE82C606C6D009CB94D /* Debug */,
				F77DEBE92C606C6D009CB94D /* Release */,
			);
			defaultConfigurationIsVisible = 0;
			defaultConfigurationName = Release;
		};
		F77DEBEA2C606C6D009CB94D /* Build configuration list for PBXNativeTarget "MigrationTests" */ = {
			isa = XCConfigurationList;
			buildConfigurations = (
				F77DEBEB2C606C6D009CB94D /* Debug */,
				F77DEBEC2C606C6D009CB94D /* Release */,
			);
			defaultConfigurationIsVisible = 0;
			defaultConfigurationName = Release;
		};
/* End XCConfigurationList section */

/* Begin XCLocalSwiftPackageReference section */
		F77DEC132C606D48009CB94D /* XCLocalSwiftPackageReference "../SwiftDataSugar" */ = {
			isa = XCLocalSwiftPackageReference;
			relativePath = ../SwiftDataSugar;
		};
/* End XCLocalSwiftPackageReference section */

/* Begin XCRemoteSwiftPackageReference section */
		F77DEC1A2C606DB1009CB94D /* XCRemoteSwiftPackageReference "MapSugar" */ = {
			isa = XCRemoteSwiftPackageReference;
			repositoryURL = "https://github.com/mesqueeb/MapSugar.git";
			requirement = {
				kind = upToNextMajorVersion;
				minimumVersion = 0.0.1;
			};
		};
		F77DEC1D2C606DBD009CB94D /* XCRemoteSwiftPackageReference "Debouncify" */ = {
			isa = XCRemoteSwiftPackageReference;
			repositoryURL = "https://github.com/mesqueeb/Debouncify.git";
			requirement = {
				kind = upToNextMajorVersion;
				minimumVersion = 0.1.0;
			};
		};
/* End XCRemoteSwiftPackageReference section */

/* Begin XCSwiftPackageProductDependency section */
		F77DEC142C606D48009CB94D /* SwiftDataSugar */ = {
			isa = XCSwiftPackageProductDependency;
			productName = SwiftDataSugar;
		};
		F77DEC1B2C606DB1009CB94D /* MapSugar */ = {
			isa = XCSwiftPackageProductDependency;
			package = F77DEC1A2C606DB1009CB94D /* XCRemoteSwiftPackageReference "MapSugar" */;
			productName = MapSugar;
		};
		F77DEC1E2C606DBD009CB94D /* Debouncify */ = {
			isa = XCSwiftPackageProductDependency;
			package = F77DEC1D2C606DBD009CB94D /* XCRemoteSwiftPackageReference "Debouncify" */;
			productName = Debouncify;
		};
/* End XCSwiftPackageProductDependency section */
	};
	rootObject = F77DEBB82C606C6B009CB94D /* Project object */;
}
