{
  "originHash" : "0e73073bf81de3dd739fd143b8c507d342318923dca2a2d8e8aecc8d8efa38d8",
  "pins" : [
    {
      "identity" : "debouncify",
      "kind" : "remoteSourceControl",
      "location" : "https://github.com/mesqueeb/Debouncify.git",
      "state" : {
        "revision" : "c5514036de80637ad3bde9edebe8033cd2208a28",
        "version" : "0.1.0"
      }
    },
    {
      "identity" : "mapsugar",
      "kind" : "remoteSourceControl",
      "location" : "https://github.com/mesqueeb/MapSugar.git",
      "state" : {
        "revision" : "b3004cb6b22f0256bffb05da19b876b3d6eb76a2",
        "version" : "0.0.1"
      }
    }
  ],
  "version" : 3
}
