{
  "originHash" : "68814cde06f8d1b225c81b75f39f9fbc5f90b568aea2569838a5e60131fb4394",
  "pins" : [
    {
      "identity" : "debouncify",
      "kind" : "remoteSourceControl",
      "location" : "https://github.com/mesqueeb/Debouncify.git",
      "state" : {
        "revision" : "c5514036de80637ad3bde9edebe8033cd2208a28",
        "version" : "0.1.0"
      }
    },
    {
      "identity" : "mapsugar",
      "kind" : "remoteSourceControl",
      "location" : "https://github.com/mesqueeb/MapSugar.git",
      "state" : {
        "revision" : "dc2a0a40d88afddbf15639f9d4767f1b0cb66267",
        "version" : "0.1.4"
      }
    }
  ],
  "version" : 3
}
