// !$*UTF8*$!
{
	archiveVersion = 1;
	classes = {
	};
	objectVersion = 56;
	objects = {

/* Begin PBXBuildFile section */
		F700A97F2B9D6015006B249F /* MainApp.swift in Sources */ = {isa = PBXBuildFile; fileRef = F700A97E2B9D6015006B249F /* MainApp.swift */; };
		F700A9812B9D6015006B249F /* TodoListView.swift in Sources */ = {isa = PBXBuildFile; fileRef = F700A9802B9D6015006B249F /* TodoListView.swift */; };
		F700A9832B9D6015006B249F /* TodoItem.swift in Sources */ = {isa = PBXBuildFile; fileRef = F700A9822B9D6015006B249F /* TodoItem.swift */; };
		F700A9852B9D6016006B249F /* Assets.xcassets in Resources */ = {isa = PBXBuildFile; fileRef = F700A9842B9D6016006B249F /* Assets.xcassets */; };
		F700A9892B9D6016006B249F /* Preview Assets.xcassets in Resources */ = {isa = PBXBuildFile; fileRef = F700A9882B9D6016006B249F /* Preview Assets.xcassets */; };
		F700A9912B9D6333006B249F /* DbCollection.swift in Sources */ = {isa = PBXBuildFile; fileRef = F700A9902B9D6333006B249F /* DbCollection.swift */; };
		F700A9992B9DA166006B249F /* TodoListItemView.swift in Sources */ = {isa = PBXBuildFile; fileRef = F700A9982B9DA166006B249F /* TodoListItemView.swift */; };
		F700A99B2B9DA31C006B249F /* CInput.swift in Sources */ = {isa = PBXBuildFile; fileRef = F700A99A2B9DA31C006B249F /* CInput.swift */; };
		F7417C282C4357CE00C3C5FA /* Debouncify in Frameworks */ = {isa = PBXBuildFile; productRef = F7417C272C4357CE00C3C5FA /* Debouncify */; };
		F7417C2A2C437C8400C3C5FA /* MenuFilterAndSort.swift in Sources */ = {isa = PBXBuildFile; fileRef = F7417C292C437C8100C3C5FA /* MenuFilterAndSort.swift */; };
		F7417C2C2C4381E800C3C5FA /* CButton.swift in Sources */ = {isa = PBXBuildFile; fileRef = F7417C2B2C4381E700C3C5FA /* CButton.swift */; };
		F749CE9C2BA921800070CB07 /* TodoItemDetailsView.swift in Sources */ = {isa = PBXBuildFile; fileRef = F749CE9B2BA921800070CB07 /* TodoItemDetailsView.swift */; };
		F749D4702BA41A0800AA6B51 /* DbQuery.swift in Sources */ = {isa = PBXBuildFile; fileRef = F749D46F2BA41A0800AA6B51 /* DbQuery.swift */; };
		F7891B1D2BA275AF00A89785 /* helpers.swift in Sources */ = {isa = PBXBuildFile; fileRef = F7891B1C2BA275AE00A89785 /* helpers.swift */; };
		F7C9F7262BA3BAC400A97B61 /* MenuCrashTests.swift in Sources */ = {isa = PBXBuildFile; fileRef = F7C9F7252BA3BAC400A97B61 /* MenuCrashTests.swift */; };
/* End PBXBuildFile section */

/* Begin PBXFileReference section */
		F700A97B2B9D6015006B249F /* SwiftDataTodoList.app */ = {isa = PBXFileReference; explicitFileType = wrapper.application; includeInIndex = 0; path = SwiftDataTodoList.app; sourceTree = BUILT_PRODUCTS_DIR; };
		F700A97E2B9D6015006B249F /* MainApp.swift */ = {isa = PBXFileReference; lastKnownFileType = sourcecode.swift; path = MainApp.swift; sourceTree = "<group>"; };
		F700A9802B9D6015006B249F /* TodoListView.swift */ = {isa = PBXFileReference; lastKnownFileType = sourcecode.swift; path = TodoListView.swift; sourceTree = "<group>"; };
		F700A9822B9D6015006B249F /* TodoItem.swift */ = {isa = PBXFileReference; lastKnownFileType = sourcecode.swift; path = TodoItem.swift; sourceTree = "<group>"; };
		F700A9842B9D6016006B249F /* Assets.xcassets */ = {isa = PBXFileReference; lastKnownFileType = folder.assetcatalog; path = Assets.xcassets; sourceTree = "<group>"; };
		F700A9862B9D6016006B249F /* SwiftDataTodoList.entitlements */ = {isa = PBXFileReference; lastKnownFileType = text.plist.entitlements; path = SwiftDataTodoList.entitlements; sourceTree = "<group>"; };
		F700A9882B9D6016006B249F /* Preview Assets.xcassets */ = {isa = PBXFileReference; lastKnownFileType = folder.assetcatalog; path = "Preview Assets.xcassets"; sourceTree = "<group>"; };
		F700A9902B9D6333006B249F /* DbCollection.swift */ = {isa = PBXFileReference; lastKnownFileType = sourcecode.swift; path = DbCollection.swift; sourceTree = "<group>"; };
		F700A9982B9DA166006B249F /* TodoListItemView.swift */ = {isa = PBXFileReference; fileEncoding = 4; lastKnownFileType = sourcecode.swift; path = TodoListItemView.swift; sourceTree = "<group>"; };
		F700A99A2B9DA31C006B249F /* CInput.swift */ = {isa = PBXFileReference; lastKnownFileType = sourcecode.swift; path = CInput.swift; sourceTree = "<group>"; };
		F7417C292C437C8100C3C5FA /* MenuFilterAndSort.swift */ = {isa = PBXFileReference; lastKnownFileType = sourcecode.swift; path = MenuFilterAndSort.swift; sourceTree = "<group>"; };
		F7417C2B2C4381E700C3C5FA /* CButton.swift */ = {isa = PBXFileReference; lastKnownFileType = sourcecode.swift; path = CButton.swift; sourceTree = "<group>"; };
		F749CE9B2BA921800070CB07 /* TodoItemDetailsView.swift */ = {isa = PBXFileReference; lastKnownFileType = sourcecode.swift; path = TodoItemDetailsView.swift; sourceTree = "<group>"; };
		F749D46F2BA41A0800AA6B51 /* DbQuery.swift */ = {isa = PBXFileReference; fileEncoding = 4; lastKnownFileType = sourcecode.swift; path = DbQuery.swift; sourceTree = "<group>"; };
		F7891B1C2BA275AE00A89785 /* helpers.swift */ = {isa = PBXFileReference; lastKnownFileType = sourcecode.swift; path = helpers.swift; sourceTree = "<group>"; };
		F7C9F7252BA3BAC400A97B61 /* MenuCrashTests.swift */ = {isa = PBXFileReference; lastKnownFileType = sourcecode.swift; path = MenuCrashTests.swift; sourceTree = "<group>"; };
/* End PBXFileReference section */

/* Begin PBXFrameworksBuildPhase section */
		F700A9782B9D6015006B249F /* Frameworks */ = {
			isa = PBXFrameworksBuildPhase;
			buildActionMask = 2147483647;
			files = (
				F7417C282C4357CE00C3C5FA /* Debouncify in Frameworks */,
			);
			runOnlyForDeploymentPostprocessing = 0;
		};
/* End PBXFrameworksBuildPhase section */

/* Begin PBXGroup section */
		F700A9722B9D6015006B249F = {
			isa = PBXGroup;
			children = (
				F700A97D2B9D6015006B249F /* SwiftDataTodoList */,
				F700A97C2B9D6015006B249F /* Products */,
			);
			sourceTree = "<group>";
		};
		F700A97C2B9D6015006B249F /* Products */ = {
			isa = PBXGroup;
			children = (
				F700A97B2B9D6015006B249F /* SwiftDataTodoList.app */,
			);
			name = Products;
			sourceTree = "<group>";
		};
		F700A97D2B9D6015006B249F /* SwiftDataTodoList */ = {
			isa = PBXGroup;
			children = (
				F700A9862B9D6016006B249F /* SwiftDataTodoList.entitlements */,
				F7891B1C2BA275AE00A89785 /* helpers.swift */,
				F700A97E2B9D6015006B249F /* MainApp.swift */,
				F7C9F7252BA3BAC400A97B61 /* MenuCrashTests.swift */,
				F7417C292C437C8100C3C5FA /* MenuFilterAndSort.swift */,
				F700A9842B9D6016006B249F /* Assets.xcassets */,
				F76705882C438EB0009B37B8 /* Database */,
				F700A9872B9D6016006B249F /* Preview Content */,
				F7B463C42BA55676009E0DAE /* TodoList */,
			);
			path = SwiftDataTodoList;
			sourceTree = "<group>";
		};
		F700A9872B9D6016006B249F /* Preview Content */ = {
			isa = PBXGroup;
			children = (
				F700A9882B9D6016006B249F /* Preview Assets.xcassets */,
			);
			path = "Preview Content";
			sourceTree = "<group>";
		};
		F76705882C438EB0009B37B8 /* Database */ = {
			isa = PBXGroup;
			children = (
				F700A9902B9D6333006B249F /* DbCollection.swift */,
				F749D46F2BA41A0800AA6B51 /* DbQuery.swift */,
				F700A9822B9D6015006B249F /* TodoItem.swift */,
			);
			path = Database;
			sourceTree = "<group>";
		};
		F7B463C42BA55676009E0DAE /* TodoList */ = {
			isa = PBXGroup;
			children = (
				F700A99A2B9DA31C006B249F /* CInput.swift */,
				F7417C2B2C4381E700C3C5FA /* CButton.swift */,
				F700A9982B9DA166006B249F /* TodoListItemView.swift */,
				F700A9802B9D6015006B249F /* TodoListView.swift */,
				F749CE9B2BA921800070CB07 /* TodoItemDetailsView.swift */,
			);
			path = TodoList;
			sourceTree = "<group>";
		};
/* End PBXGroup section */

/* Begin PBXNativeTarget section */
		F700A97A2B9D6015006B249F /* SwiftDataTodoList */ = {
			isa = PBXNativeTarget;
			buildConfigurationList = F700A98C2B9D6016006B249F /* Build configuration list for PBXNativeTarget "SwiftDataTodoList" */;
			buildPhases = (
				F700A9772B9D6015006B249F /* Sources */,
				F700A9782B9D6015006B249F /* Frameworks */,
				F700A9792B9D6015006B249F /* Resources */,
			);
			buildRules = (
			);
			dependencies = (
			);
			name = SwiftDataTodoList;
			packageProductDependencies = (
				F7417C272C4357CE00C3C5FA /* Debouncify */,
			);
			productName = SwiftDataTodoList;
			productReference = F700A97B2B9D6015006B249F /* SwiftDataTodoList.app */;
			productType = "com.apple.product-type.application";
		};
/* End PBXNativeTarget section */

/* Begin PBXProject section */
		F700A9732B9D6015006B249F /* Project object */ = {
			isa = PBXProject;
			attributes = {
				BuildIndependentTargetsInParallel = 1;
				LastSwiftUpdateCheck = 1530;
				LastUpgradeCheck = 1530;
				TargetAttributes = {
					F700A97A2B9D6015006B249F = {
						CreatedOnToolsVersion = 15.3;
					};
				};
			};
			buildConfigurationList = F700A9762B9D6015006B249F /* Build configuration list for PBXProject "SwiftDataTodoList" */;
			compatibilityVersion = "Xcode 14.0";
			developmentRegion = en;
			hasScannedForEncodings = 0;
			knownRegions = (
				en,
				Base,
			);
			mainGroup = F700A9722B9D6015006B249F;
			packageReferences = (
				F7417C262C4357CE00C3C5FA /* XCRemoteSwiftPackageReference "Debouncify" */,
			);
			productRefGroup = F700A97C2B9D6015006B249F /* Products */;
			projectDirPath = "";
			projectRoot = "";
			targets = (
				F700A97A2B9D6015006B249F /* SwiftDataTodoList */,
			);
		};
/* End PBXProject section */

/* Begin PBXResourcesBuildPhase section */
		F700A9792B9D6015006B249F /* Resources */ = {
			isa = PBXResourcesBuildPhase;
			buildActionMask = 2147483647;
			files = (
				F700A9892B9D6016006B249F /* Preview Assets.xcassets in Resources */,
				F700A9852B9D6016006B249F /* Assets.xcassets in Resources */,
			);
			runOnlyForDeploymentPostprocessing = 0;
		};
/* End PBXResourcesBuildPhase section */

/* Begin PBXSourcesBuildPhase section */
		F700A9772B9D6015006B249F /* Sources */ = {
			isa = PBXSourcesBuildPhase;
			buildActionMask = 2147483647;
			files = (
				F7417C2A2C437C8400C3C5FA /* MenuFilterAndSort.swift in Sources */,
				F7C9F7262BA3BAC400A97B61 /* MenuCrashTests.swift in Sources */,
				F700A9992B9DA166006B249F /* TodoListItemView.swift in Sources */,
				F700A99B2B9DA31C006B249F /* CInput.swift in Sources */,
				F700A9812B9D6015006B249F /* TodoListView.swift in Sources */,
				F7891B1D2BA275AF00A89785 /* helpers.swift in Sources */,
				F700A9832B9D6015006B249F /* TodoItem.swift in Sources */,
				F700A97F2B9D6015006B249F /* MainApp.swift in Sources */,
				F700A9912B9D6333006B249F /* DbCollection.swift in Sources */,
				F749D4702BA41A0800AA6B51 /* DbQuery.swift in Sources */,
				F749CE9C2BA921800070CB07 /* TodoItemDetailsView.swift in Sources */,
				F7417C2C2C4381E800C3C5FA /* CButton.swift in Sources */,
			);
			runOnlyForDeploymentPostprocessing = 0;
		};
/* End PBXSourcesBuildPhase section */

/* Begin XCBuildConfiguration section */
		F700A98A2B9D6016006B249F /* Debug */ = {
			isa = XCBuildConfiguration;
			buildSettings = {
				ALWAYS_SEARCH_USER_PATHS = NO;
				ASSETCATALOG_COMPILER_GENERATE_SWIFT_ASSET_SYMBOL_EXTENSIONS = YES;
				CLANG_ANALYZER_NONNULL = YES;
				CLANG_ANALYZER_NUMBER_OBJECT_CONVERSION = YES_AGGRESSIVE;
				CLANG_CXX_LANGUAGE_STANDARD = "gnu++20";
				CLANG_ENABLE_MODULES = YES;
				CLANG_ENABLE_OBJC_ARC = YES;
				CLANG_ENABLE_OBJC_WEAK = YES;
				CLANG_WARN_BLOCK_CAPTURE_AUTORELEASING = YES;
				CLANG_WARN_BOOL_CONVERSION = YES;
				CLANG_WARN_COMMA = YES;
				CLANG_WARN_CONSTANT_CONVERSION = YES;
				CLANG_WARN_DEPRECATED_OBJC_IMPLEMENTATIONS = YES;
				CLANG_WARN_DIRECT_OBJC_ISA_USAGE = YES_ERROR;
				CLANG_WARN_DOCUMENTATION_COMMENTS = YES;
				CLANG_WARN_EMPTY_BODY = YES;
				CLANG_WARN_ENUM_CONVERSION = YES;
				CLANG_WARN_INFINITE_RECURSION = YES;
				CLANG_WARN_INT_CONVERSION = YES;
				CLANG_WARN_NON_LITERAL_NULL_CONVERSION = YES;
				CLANG_WARN_OBJC_IMPLICIT_RETAIN_SELF = YES;
				CLANG_WARN_OBJC_LITERAL_CONVERSION = YES;
				CLANG_WARN_OBJC_ROOT_CLASS = YES_ERROR;
				CLANG_WARN_QUOTED_INCLUDE_IN_FRAMEWORK_HEADER = YES;
				CLANG_WARN_RANGE_LOOP_ANALYSIS = YES;
				CLANG_WARN_STRICT_PROTOTYPES = YES;
				CLANG_WARN_SUSPICIOUS_MOVE = YES;
				CLANG_WARN_UNGUARDED_AVAILABILITY = YES_AGGRESSIVE;
				CLANG_WARN_UNREACHABLE_CODE = YES;
				CLANG_WARN__DUPLICATE_METHOD_MATCH = YES;
				COPY_PHASE_STRIP = NO;
				DEBUG_INFORMATION_FORMAT = dwarf;
				ENABLE_STRICT_OBJC_MSGSEND = YES;
				ENABLE_TESTABILITY = YES;
				ENABLE_USER_SCRIPT_SANDBOXING = YES;
				GCC_C_LANGUAGE_STANDARD = gnu17;
				GCC_DYNAMIC_NO_PIC = NO;
				GCC_NO_COMMON_BLOCKS = YES;
				GCC_OPTIMIZATION_LEVEL = 0;
				GCC_PREPROCESSOR_DEFINITIONS = (
					"DEBUG=1",
					"$(inherited)",
				);
				GCC_WARN_64_TO_32_BIT_CONVERSION = YES;
				GCC_WARN_ABOUT_RETURN_TYPE = YES_ERROR;
				GCC_WARN_UNDECLARED_SELECTOR = YES;
				GCC_WARN_UNINITIALIZED_AUTOS = YES_AGGRESSIVE;
				GCC_WARN_UNUSED_FUNCTION = YES;
				GCC_WARN_UNUSED_VARIABLE = YES;
				LOCALIZATION_PREFERS_STRING_CATALOGS = YES;
				MTL_ENABLE_DEBUG_INFO = INCLUDE_SOURCE;
				MTL_FAST_MATH = YES;
				ONLY_ACTIVE_ARCH = YES;
				SWIFT_ACTIVE_COMPILATION_CONDITIONS = "DEBUG $(inherited)";
				SWIFT_OPTIMIZATION_LEVEL = "-Onone";
			};
			name = Debug;
		};
		F700A98B2B9D6016006B249F /* Release */ = {
			isa = XCBuildConfiguration;
			buildSettings = {
				ALWAYS_SEARCH_USER_PATHS = NO;
				ASSETCATALOG_COMPILER_GENERATE_SWIFT_ASSET_SYMBOL_EXTENSIONS = YES;
				CLANG_ANALYZER_NONNULL = YES;
				CLANG_ANALYZER_NUMBER_OBJECT_CONVERSION = YES_AGGRESSIVE;
				CLANG_CXX_LANGUAGE_STANDARD = "gnu++20";
				CLANG_ENABLE_MODULES = YES;
				CLANG_ENABLE_OBJC_ARC = YES;
				CLANG_ENABLE_OBJC_WEAK = YES;
				CLANG_WARN_BLOCK_CAPTURE_AUTORELEASING = YES;
				CLANG_WARN_BOOL_CONVERSION = YES;
				CLANG_WARN_COMMA = YES;
				CLANG_WARN_CONSTANT_CONVERSION = YES;
				CLANG_WARN_DEPRECATED_OBJC_IMPLEMENTATIONS = YES;
				CLANG_WARN_DIRECT_OBJC_ISA_USAGE = YES_ERROR;
				CLANG_WARN_DOCUMENTATION_COMMENTS = YES;
				CLANG_WARN_EMPTY_BODY = YES;
				CLANG_WARN_ENUM_CONVERSION = YES;
				CLANG_WARN_INFINITE_RECURSION = YES;
				CLANG_WARN_INT_CONVERSION = YES;
				CLANG_WARN_NON_LITERAL_NULL_CONVERSION = YES;
				CLANG_WARN_OBJC_IMPLICIT_RETAIN_SELF = YES;
				CLANG_WARN_OBJC_LITERAL_CONVERSION = YES;
				CLANG_WARN_OBJC_ROOT_CLASS = YES_ERROR;
				CLANG_WARN_QUOTED_INCLUDE_IN_FRAMEWORK_HEADER = YES;
				CLANG_WARN_RANGE_LOOP_ANALYSIS = YES;
				CLANG_WARN_STRICT_PROTOTYPES = YES;
				CLANG_WARN_SUSPICIOUS_MOVE = YES;
				CLANG_WARN_UNGUARDED_AVAILABILITY = YES_AGGRESSIVE;
				CLANG_WARN_UNREACHABLE_CODE = YES;
				CLANG_WARN__DUPLICATE_METHOD_MATCH = YES;
				COPY_PHASE_STRIP = NO;
				DEBUG_INFORMATION_FORMAT = "dwarf-with-dsym";
				ENABLE_NS_ASSERTIONS = NO;
				ENABLE_STRICT_OBJC_MSGSEND = YES;
				ENABLE_USER_SCRIPT_SANDBOXING = YES;
				GCC_C_LANGUAGE_STANDARD = gnu17;
				GCC_NO_COMMON_BLOCKS = YES;
				GCC_WARN_64_TO_32_BIT_CONVERSION = YES;
				GCC_WARN_ABOUT_RETURN_TYPE = YES_ERROR;
				GCC_WARN_UNDECLARED_SELECTOR = YES;
				GCC_WARN_UNINITIALIZED_AUTOS = YES_AGGRESSIVE;
				GCC_WARN_UNUSED_FUNCTION = YES;
				GCC_WARN_UNUSED_VARIABLE = YES;
				LOCALIZATION_PREFERS_STRING_CATALOGS = YES;
				MTL_ENABLE_DEBUG_INFO = NO;
				MTL_FAST_MATH = YES;
				SWIFT_COMPILATION_MODE = wholemodule;
			};
			name = Release;
		};
		F700A98D2B9D6016006B249F /* Debug */ = {
			isa = XCBuildConfiguration;
			buildSettings = {
				ASSETCATALOG_COMPILER_APPICON_NAME = AppIcon;
				ASSETCATALOG_COMPILER_GLOBAL_ACCENT_COLOR_NAME = AccentColor;
				CODE_SIGN_ENTITLEMENTS = SwiftDataTodoList/SwiftDataTodoList.entitlements;
				CODE_SIGN_STYLE = Automatic;
				CURRENT_PROJECT_VERSION = 1;
				DEVELOPMENT_ASSET_PATHS = "\"SwiftDataTodoList/Preview Content\"";
				DEVELOPMENT_TEAM = 8ZRM3D7KC6;
				ENABLE_HARDENED_RUNTIME = YES;
				ENABLE_PREVIEWS = YES;
				GENERATE_INFOPLIST_FILE = YES;
				"INFOPLIST_KEY_UIApplicationSceneManifest_Generation[sdk=iphoneos*]" = YES;
				"INFOPLIST_KEY_UIApplicationSceneManifest_Generation[sdk=iphonesimulator*]" = YES;
				"INFOPLIST_KEY_UIApplicationSupportsIndirectInputEvents[sdk=iphoneos*]" = YES;
				"INFOPLIST_KEY_UIApplicationSupportsIndirectInputEvents[sdk=iphonesimulator*]" = YES;
				"INFOPLIST_KEY_UILaunchScreen_Generation[sdk=iphoneos*]" = YES;
				"INFOPLIST_KEY_UILaunchScreen_Generation[sdk=iphonesimulator*]" = YES;
				"INFOPLIST_KEY_UIStatusBarStyle[sdk=iphoneos*]" = UIStatusBarStyleDefault;
				"INFOPLIST_KEY_UIStatusBarStyle[sdk=iphonesimulator*]" = UIStatusBarStyleDefault;
				INFOPLIST_KEY_UISupportedInterfaceOrientations_iPad = "UIInterfaceOrientationPortrait UIInterfaceOrientationPortraitUpsideDown UIInterfaceOrientationLandscapeLeft UIInterfaceOrientationLandscapeRight";
				INFOPLIST_KEY_UISupportedInterfaceOrientations_iPhone = "UIInterfaceOrientationPortrait UIInterfaceOrientationLandscapeLeft UIInterfaceOrientationLandscapeRight";
				IPHONEOS_DEPLOYMENT_TARGET = 17.4;
				LD_RUNPATH_SEARCH_PATHS = "@executable_path/Frameworks";
				"LD_RUNPATH_SEARCH_PATHS[sdk=macosx*]" = "@executable_path/../Frameworks";
				MACOSX_DEPLOYMENT_TARGET = 14.0;
				MARKETING_VERSION = 1.0;
				PRODUCT_BUNDLE_IDENTIFIER = mesqueeb.SwiftDataTodoList;
				PRODUCT_NAME = "$(TARGET_NAME)";
				SDKROOT = auto;
				SUPPORTED_PLATFORMS = "iphoneos iphonesimulator macosx xros xrsimulator";
				SUPPORTS_MACCATALYST = NO;
				SWIFT_EMIT_LOC_STRINGS = YES;
				SWIFT_VERSION = 5.0;
				TARGETED_DEVICE_FAMILY = "1,2,7";
			};
			name = Debug;
		};
		F700A98E2B9D6016006B249F /* Release */ = {
			isa = XCBuildConfiguration;
			buildSettings = {
				ASSETCATALOG_COMPILER_APPICON_NAME = AppIcon;
				ASSETCATALOG_COMPILER_GLOBAL_ACCENT_COLOR_NAME = AccentColor;
				CODE_SIGN_ENTITLEMENTS = SwiftDataTodoList/SwiftDataTodoList.entitlements;
				CODE_SIGN_STYLE = Automatic;
				CURRENT_PROJECT_VERSION = 1;
				DEVELOPMENT_ASSET_PATHS = "\"SwiftDataTodoList/Preview Content\"";
				DEVELOPMENT_TEAM = 8ZRM3D7KC6;
				ENABLE_HARDENED_RUNTIME = YES;
				ENABLE_PREVIEWS = YES;
				GENERATE_INFOPLIST_FILE = YES;
				"INFOPLIST_KEY_UIApplicationSceneManifest_Generation[sdk=iphoneos*]" = YES;
				"INFOPLIST_KEY_UIApplicationSceneManifest_Generation[sdk=iphonesimulator*]" = YES;
				"INFOPLIST_KEY_UIApplicationSupportsIndirectInputEvents[sdk=iphoneos*]" = YES;
				"INFOPLIST_KEY_UIApplicationSupportsIndirectInputEvents[sdk=iphonesimulator*]" = YES;
				"INFOPLIST_KEY_UILaunchScreen_Generation[sdk=iphoneos*]" = YES;
				"INFOPLIST_KEY_UILaunchScreen_Generation[sdk=iphonesimulator*]" = YES;
				"INFOPLIST_KEY_UIStatusBarStyle[sdk=iphoneos*]" = UIStatusBarStyleDefault;
				"INFOPLIST_KEY_UIStatusBarStyle[sdk=iphonesimulator*]" = UIStatusBarStyleDefault;
				INFOPLIST_KEY_UISupportedInterfaceOrientations_iPad = "UIInterfaceOrientationPortrait UIInterfaceOrientationPortraitUpsideDown UIInterfaceOrientationLandscapeLeft UIInterfaceOrientationLandscapeRight";
				INFOPLIST_KEY_UISupportedInterfaceOrientations_iPhone = "UIInterfaceOrientationPortrait UIInterfaceOrientationLandscapeLeft UIInterfaceOrientationLandscapeRight";
				IPHONEOS_DEPLOYMENT_TARGET = 17.4;
				LD_RUNPATH_SEARCH_PATHS = "@executable_path/Frameworks";
				"LD_RUNPATH_SEARCH_PATHS[sdk=macosx*]" = "@executable_path/../Frameworks";
				MACOSX_DEPLOYMENT_TARGET = 14.0;
				MARKETING_VERSION = 1.0;
				PRODUCT_BUNDLE_IDENTIFIER = mesqueeb.SwiftDataTodoList;
				PRODUCT_NAME = "$(TARGET_NAME)";
				SDKROOT = auto;
				SUPPORTED_PLATFORMS = "iphoneos iphonesimulator macosx xros xrsimulator";
				SUPPORTS_MACCATALYST = NO;
				SWIFT_EMIT_LOC_STRINGS = YES;
				SWIFT_VERSION = 5.0;
				TARGETED_DEVICE_FAMILY = "1,2,7";
			};
			name = Release;
		};
/* End XCBuildConfiguration section */

/* Begin XCConfigurationList section */
		F700A9762B9D6015006B249F /* Build configuration list for PBXProject "SwiftDataTodoList" */ = {
			isa = XCConfigurationList;
			buildConfigurations = (
				F700A98A2B9D6016006B249F /* Debug */,
				F700A98B2B9D6016006B249F /* Release */,
			);
			defaultConfigurationIsVisible = 0;
			defaultConfigurationName = Release;
		};
		F700A98C2B9D6016006B249F /* Build configuration list for PBXNativeTarget "SwiftDataTodoList" */ = {
			isa = XCConfigurationList;
			buildConfigurations = (
				F700A98D2B9D6016006B249F /* Debug */,
				F700A98E2B9D6016006B249F /* Release */,
			);
			defaultConfigurationIsVisible = 0;
			defaultConfigurationName = Release;
		};
/* End XCConfigurationList section */

/* Begin XCRemoteSwiftPackageReference section */
		F7417C262C4357CE00C3C5FA /* XCRemoteSwiftPackageReference "Debouncify" */ = {
			isa = XCRemoteSwiftPackageReference;
			repositoryURL = "https://github.com/mesqueeb/Debouncify.git";
			requirement = {
				kind = upToNextMajorVersion;
				minimumVersion = 0.1.0;
			};
		};
/* End XCRemoteSwiftPackageReference section */

/* Begin XCSwiftPackageProductDependency section */
		F7417C272C4357CE00C3C5FA /* Debouncify */ = {
			isa = XCSwiftPackageProductDependency;
			package = F7417C262C4357CE00C3C5FA /* XCRemoteSwiftPackageReference "Debouncify" */;
			productName = Debouncify;
		};
/* End XCSwiftPackageProductDependency section */
	};
	rootObject = F700A9732B9D6015006B249F /* Project object */;
}
