{
  "originHash" : "13b2ed044251086941420c97b0a393416c4e1ccec8b8f840c452f25aff8e9b50",
  "pins" : [
    {
      "identity" : "debouncify",
      "kind" : "remoteSourceControl",
      "location" : "https://github.com/mesqueeb/Debouncify.git",
      "state" : {
        "revision" : "c5514036de80637ad3bde9edebe8033cd2208a28",
        "version" : "0.1.0"
      }
    }
  ],
  "version" : 3
}
