{
  "originHash" : "935bf38a182f88e95a2af4299ef991dd431495527b78b28373a69dfbf6afb6e4",
  "pins" : [
    {
      "identity" : "debouncify",
      "kind" : "remoteSourceControl",
      "location" : "https://github.com/mesqueeb/Debouncify.git",
      "state" : {
        "revision" : "c5514036de80637ad3bde9edebe8033cd2208a28",
        "version" : "0.1.0"
      }
    }
  ],
  "version" : 3
}
